
Microsoft Visual Studio Solution File, Format Version 12.00
# Visual Studio Version 16
VisualStudioVersion = 16.0.31515.178
MinimumVisualStudioVersion = 10.0.40219.1
Project("{FAE04EC0-301F-11D3-BF4B-00C04F79EFBC}") = "FirstProgram", "FirstProgram\FirstProgram.csproj", "{F4C507B4-9D01-411F-8F85-6EC72786306B}"
EndProject
Global
	GlobalSection(SolutionConfigurationPlatforms) = preSolution
		Debug|Any CPU = Debug|Any CPU
		Release|Any CPU = Release|Any CPU
	EndGlobalSection
	GlobalSection(ProjectConfigurationPlatforms) = postSolution
		{F4C507B4-9D01-411F-8F85-6EC72786306B}.Debug|Any CPU.ActiveCfg = Debug|Any CPU
		{F4C507B4-9D01-411F-8F85-6EC72786306B}.Debug|Any CPU.Build.0 = Debug|Any CPU
		{F4C507B4-9D01-411F-8F85-6EC72786306B}.Release|Any CPU.ActiveCfg = Release|Any CPU
		{F4C507B4-9D01-411F-8F85-6EC72786306B}.Release|Any CPU.Build.0 = Release|Any CPU
	EndGlobalSection
	GlobalSection(SolutionProperties) = preSolution
		HideSolutionNode = FALSE
	EndGlobalSection
	GlobalSection(ExtensibilityGlobals) = postSolution
		SolutionGuid = {646AFB80-A9AC-4C92-8FDC-69C21F5C3649}
	EndGlobalSection
EndGlobal
